
Microsoft Visual Studio Solution File, Format Version 12.00
# Visual Studio Version 17
VisualStudioVersion = 17.2.32630.192
MinimumVisualStudioVersion = 10.0.40219.1
Project("{FAE04EC0-301F-11D3-BF4B-00C04F79EFBC}") = "WinFormTp2", "WinFormTp2\WinFormTp2.csproj", "{457F0C1B-A81C-43C2-B311-42FC60696A0F}"
EndProject
Project("{FAE04EC0-301F-11D3-BF4B-00C04F79EFBC}") = "Dominio", "Dominio\Dominio.csproj", "{488D0EF5-0645-4196-A2CF-9EF5FB24B80F}"
EndProject
Project("{FAE04EC0-301F-11D3-BF4B-00C04F79EFBC}") = "Negocio", "Negocio\Negocio.csproj", "{3E9FBD8D-4FED-4C2C-A10B-7B306DE87E7E}"
EndProject
Project("{FAE04EC0-301F-11D3-BF4B-00C04F79EFBC}") = "MovilApp.Android", "MovilApp\MovilApp.Android\MovilApp.Android.csproj", "{964067A9-11CC-4398-8856-4A460F3C3706}"
EndProject
Project("{FAE04EC0-301F-11D3-BF4B-00C04F79EFBC}") = "MovilApp.iOS", "MovilApp\MovilApp.iOS\MovilApp.iOS.csproj", "{EFCEB549-DCB2-4AC4-A584-357D73AB0AAB}"
EndProject
Project("{FAE04EC0-301F-11D3-BF4B-00C04F79EFBC}") = "MovilApp", "MovilApp\MovilApp\MovilApp.csproj", "{23679E17-3115-4619-BBEB-87D17D466524}"
EndProject
Project("{FAE04EC0-301F-11D3-BF4B-00C04F79EFBC}") = "WebApp1", "WebApp1\WebApp1.csproj", "{D8F49FA0-A30B-4C0B-A7ED-D2AD7C32F4F2}"
EndProject
Global
	GlobalSection(SolutionConfigurationPlatforms) = preSolution
		Debug|Any CPU = Debug|Any CPU
		Debug|iPhone = Debug|iPhone
		Debug|iPhoneSimulator = Debug|iPhoneSimulator
		Release|Any CPU = Release|Any CPU
		Release|iPhone = Release|iPhone
		Release|iPhoneSimulator = Release|iPhoneSimulator
	EndGlobalSection
	GlobalSection(ProjectConfigurationPlatforms) = postSolution
		{457F0C1B-A81C-43C2-B311-42FC60696A0F}.Debug|Any CPU.ActiveCfg = Debug|Any CPU
		{457F0C1B-A81C-43C2-B311-42FC60696A0F}.Debug|Any CPU.Build.0 = Debug|Any CPU
		{457F0C1B-A81C-43C2-B311-42FC60696A0F}.Debug|iPhone.ActiveCfg = Debug|Any CPU
		{457F0C1B-A81C-43C2-B311-42FC60696A0F}.Debug|iPhone.Build.0 = Debug|Any CPU
		{457F0C1B-A81C-43C2-B311-42FC60696A0F}.Debug|iPhoneSimulator.ActiveCfg = Debug|Any CPU
		{457F0C1B-A81C-43C2-B311-42FC60696A0F}.Debug|iPhoneSimulator.Build.0 = Debug|Any CPU
		{457F0C1B-A81C-43C2-B311-42FC60696A0F}.Release|Any CPU.ActiveCfg = Release|Any CPU
		{457F0C1B-A81C-43C2-B311-42FC60696A0F}.Release|Any CPU.Build.0 = Release|Any CPU
		{457F0C1B-A81C-43C2-B311-42FC60696A0F}.Release|iPhone.ActiveCfg = Release|Any CPU
		{457F0C1B-A81C-43C2-B311-42FC60696A0F}.Release|iPhone.Build.0 = Release|Any CPU
		{457F0C1B-A81C-43C2-B311-42FC60696A0F}.Release|iPhoneSimulator.ActiveCfg = Release|Any CPU
		{457F0C1B-A81C-43C2-B311-42FC60696A0F}.Release|iPhoneSimulator.Build.0 = Release|Any CPU
		{488D0EF5-0645-4196-A2CF-9EF5FB24B80F}.Debug|Any CPU.ActiveCfg = Debug|Any CPU
		{488D0EF5-0645-4196-A2CF-9EF5FB24B80F}.Debug|Any CPU.Build.0 = Debug|Any CPU
		{488D0EF5-0645-4196-A2CF-9EF5FB24B80F}.Debug|iPhone.ActiveCfg = Debug|Any CPU
		{488D0EF5-0645-4196-A2CF-9EF5FB24B80F}.Debug|iPhone.Build.0 = Debug|Any CPU
		{488D0EF5-0645-4196-A2CF-9EF5FB24B80F}.Debug|iPhoneSimulator.ActiveCfg = Debug|Any CPU
		{488D0EF5-0645-4196-A2CF-9EF5FB24B80F}.Debug|iPhoneSimulator.Build.0 = Debug|Any CPU
		{488D0EF5-0645-4196-A2CF-9EF5FB24B80F}.Release|Any CPU.ActiveCfg = Release|Any CPU
		{488D0EF5-0645-4196-A2CF-9EF5FB24B80F}.Release|Any CPU.Build.0 = Release|Any CPU
		{488D0EF5-0645-4196-A2CF-9EF5FB24B80F}.Release|iPhone.ActiveCfg = Release|Any CPU
		{488D0EF5-0645-4196-A2CF-9EF5FB24B80F}.Release|iPhone.Build.0 = Release|Any CPU
		{488D0EF5-0645-4196-A2CF-9EF5FB24B80F}.Release|iPhoneSimulator.ActiveCfg = Release|Any CPU
		{488D0EF5-0645-4196-A2CF-9EF5FB24B80F}.Release|iPhoneSimulator.Build.0 = Release|Any CPU
		{3E9FBD8D-4FED-4C2C-A10B-7B306DE87E7E}.Debug|Any CPU.ActiveCfg = Debug|Any CPU
		{3E9FBD8D-4FED-4C2C-A10B-7B306DE87E7E}.Debug|Any CPU.Build.0 = Debug|Any CPU
		{3E9FBD8D-4FED-4C2C-A10B-7B306DE87E7E}.Debug|iPhone.ActiveCfg = Debug|Any CPU
		{3E9FBD8D-4FED-4C2C-A10B-7B306DE87E7E}.Debug|iPhone.Build.0 = Debug|Any CPU
		{3E9FBD8D-4FED-4C2C-A10B-7B306DE87E7E}.Debug|iPhoneSimulator.ActiveCfg = Debug|Any CPU
		{3E9FBD8D-4FED-4C2C-A10B-7B306DE87E7E}.Debug|iPhoneSimulator.Build.0 = Debug|Any CPU
		{3E9FBD8D-4FED-4C2C-A10B-7B306DE87E7E}.Release|Any CPU.ActiveCfg = Release|Any CPU
		{3E9FBD8D-4FED-4C2C-A10B-7B306DE87E7E}.Release|Any CPU.Build.0 = Release|Any CPU
		{3E9FBD8D-4FED-4C2C-A10B-7B306DE87E7E}.Release|iPhone.ActiveCfg = Release|Any CPU
		{3E9FBD8D-4FED-4C2C-A10B-7B306DE87E7E}.Release|iPhone.Build.0 = Release|Any CPU
		{3E9FBD8D-4FED-4C2C-A10B-7B306DE87E7E}.Release|iPhoneSimulator.ActiveCfg = Release|Any CPU
		{3E9FBD8D-4FED-4C2C-A10B-7B306DE87E7E}.Release|iPhoneSimulator.Build.0 = Release|Any CPU
		{964067A9-11CC-4398-8856-4A460F3C3706}.Debug|Any CPU.ActiveCfg = Debug|Any CPU
		{964067A9-11CC-4398-8856-4A460F3C3706}.Debug|Any CPU.Build.0 = Debug|Any CPU
		{964067A9-11CC-4398-8856-4A460F3C3706}.Debug|Any CPU.Deploy.0 = Debug|Any CPU
		{964067A9-11CC-4398-8856-4A460F3C3706}.Debug|iPhone.ActiveCfg = Debug|Any CPU
		{964067A9-11CC-4398-8856-4A460F3C3706}.Debug|iPhone.Build.0 = Debug|Any CPU
		{964067A9-11CC-4398-8856-4A460F3C3706}.Debug|iPhone.Deploy.0 = Debug|Any CPU
		{964067A9-11CC-4398-8856-4A460F3C3706}.Debug|iPhoneSimulator.ActiveCfg = Debug|Any CPU
		{964067A9-11CC-4398-8856-4A460F3C3706}.Debug|iPhoneSimulator.Build.0 = Debug|Any CPU
		{964067A9-11CC-4398-8856-4A460F3C3706}.Debug|iPhoneSimulator.Deploy.0 = Debug|Any CPU
		{964067A9-11CC-4398-8856-4A460F3C3706}.Release|Any CPU.ActiveCfg = Release|Any CPU
		{964067A9-11CC-4398-8856-4A460F3C3706}.Release|Any CPU.Build.0 = Release|Any CPU
		{964067A9-11CC-4398-8856-4A460F3C3706}.Release|Any CPU.Deploy.0 = Release|Any CPU
		{964067A9-11CC-4398-8856-4A460F3C3706}.Release|iPhone.ActiveCfg = Release|Any CPU
		{964067A9-11CC-4398-8856-4A460F3C3706}.Release|iPhone.Build.0 = Release|Any CPU
		{964067A9-11CC-4398-8856-4A460F3C3706}.Release|iPhone.Deploy.0 = Release|Any CPU
		{964067A9-11CC-4398-8856-4A460F3C3706}.Release|iPhoneSimulator.ActiveCfg = Release|Any CPU
		{964067A9-11CC-4398-8856-4A460F3C3706}.Release|iPhoneSimulator.Build.0 = Release|Any CPU
		{964067A9-11CC-4398-8856-4A460F3C3706}.Release|iPhoneSimulator.Deploy.0 = Release|Any CPU
		{EFCEB549-DCB2-4AC4-A584-357D73AB0AAB}.Debug|Any CPU.ActiveCfg = Debug|iPhoneSimulator
		{EFCEB549-DCB2-4AC4-A584-357D73AB0AAB}.Debug|Any CPU.Build.0 = Debug|iPhoneSimulator
		{EFCEB549-DCB2-4AC4-A584-357D73AB0AAB}.Debug|iPhone.ActiveCfg = Debug|iPhone
		{EFCEB549-DCB2-4AC4-A584-357D73AB0AAB}.Debug|iPhone.Build.0 = Debug|iPhone
		{EFCEB549-DCB2-4AC4-A584-357D73AB0AAB}.Debug|iPhoneSimulator.ActiveCfg = Debug|iPhoneSimulator
		{EFCEB549-DCB2-4AC4-A584-357D73AB0AAB}.Debug|iPhoneSimulator.Build.0 = Debug|iPhoneSimulator
		{EFCEB549-DCB2-4AC4-A584-357D73AB0AAB}.Release|Any CPU.ActiveCfg = Release|iPhoneSimulator
		{EFCEB549-DCB2-4AC4-A584-357D73AB0AAB}.Release|Any CPU.Build.0 = Release|iPhoneSimulator
		{EFCEB549-DCB2-4AC4-A584-357D73AB0AAB}.Release|iPhone.ActiveCfg = Release|iPhone
		{EFCEB549-DCB2-4AC4-A584-357D73AB0AAB}.Release|iPhone.Build.0 = Release|iPhone
		{EFCEB549-DCB2-4AC4-A584-357D73AB0AAB}.Release|iPhoneSimulator.ActiveCfg = Release|iPhoneSimulator
		{EFCEB549-DCB2-4AC4-A584-357D73AB0AAB}.Release|iPhoneSimulator.Build.0 = Release|iPhoneSimulator
		{23679E17-3115-4619-BBEB-87D17D466524}.Debug|Any CPU.ActiveCfg = Debug|Any CPU
		{23679E17-3115-4619-BBEB-87D17D466524}.Debug|Any CPU.Build.0 = Debug|Any CPU
		{23679E17-3115-4619-BBEB-87D17D466524}.Debug|iPhone.ActiveCfg = Debug|Any CPU
		{23679E17-3115-4619-BBEB-87D17D466524}.Debug|iPhone.Build.0 = Debug|Any CPU
		{23679E17-3115-4619-BBEB-87D17D466524}.Debug|iPhoneSimulator.ActiveCfg = Debug|Any CPU
		{23679E17-3115-4619-BBEB-87D17D466524}.Debug|iPhoneSimulator.Build.0 = Debug|Any CPU
		{23679E17-3115-4619-BBEB-87D17D466524}.Release|Any CPU.ActiveCfg = Release|Any CPU
		{23679E17-3115-4619-BBEB-87D17D466524}.Release|Any CPU.Build.0 = Release|Any CPU
		{23679E17-3115-4619-BBEB-87D17D466524}.Release|iPhone.ActiveCfg = Release|Any CPU
		{23679E17-3115-4619-BBEB-87D17D466524}.Release|iPhone.Build.0 = Release|Any CPU
		{23679E17-3115-4619-BBEB-87D17D466524}.Release|iPhoneSimulator.ActiveCfg = Release|Any CPU
		{23679E17-3115-4619-BBEB-87D17D466524}.Release|iPhoneSimulator.Build.0 = Release|Any CPU
		{D8F49FA0-A30B-4C0B-A7ED-D2AD7C32F4F2}.Debug|Any CPU.ActiveCfg = Debug|Any CPU
		{D8F49FA0-A30B-4C0B-A7ED-D2AD7C32F4F2}.Debug|Any CPU.Build.0 = Debug|Any CPU
		{D8F49FA0-A30B-4C0B-A7ED-D2AD7C32F4F2}.Debug|iPhone.ActiveCfg = Debug|Any CPU
		{D8F49FA0-A30B-4C0B-A7ED-D2AD7C32F4F2}.Debug|iPhone.Build.0 = Debug|Any CPU
		{D8F49FA0-A30B-4C0B-A7ED-D2AD7C32F4F2}.Debug|iPhoneSimulator.ActiveCfg = Debug|Any CPU
		{D8F49FA0-A30B-4C0B-A7ED-D2AD7C32F4F2}.Debug|iPhoneSimulator.Build.0 = Debug|Any CPU
		{D8F49FA0-A30B-4C0B-A7ED-D2AD7C32F4F2}.Release|Any CPU.ActiveCfg = Release|Any CPU
		{D8F49FA0-A30B-4C0B-A7ED-D2AD7C32F4F2}.Release|Any CPU.Build.0 = Release|Any CPU
		{D8F49FA0-A30B-4C0B-A7ED-D2AD7C32F4F2}.Release|iPhone.ActiveCfg = Release|Any CPU
		{D8F49FA0-A30B-4C0B-A7ED-D2AD7C32F4F2}.Release|iPhone.Build.0 = Release|Any CPU
		{D8F49FA0-A30B-4C0B-A7ED-D2AD7C32F4F2}.Release|iPhoneSimulator.ActiveCfg = Release|Any CPU
		{D8F49FA0-A30B-4C0B-A7ED-D2AD7C32F4F2}.Release|iPhoneSimulator.Build.0 = Release|Any CPU
	EndGlobalSection
	GlobalSection(SolutionProperties) = preSolution
		HideSolutionNode = FALSE
	EndGlobalSection
	GlobalSection(ExtensibilityGlobals) = postSolution
		SolutionGuid = {259BF597-A31F-4F49-B384-836E71BFD7C9}
	EndGlobalSection
EndGlobal
